
Microsoft Visual Studio Solution File, Format Version 12.00
# Visual Studio 15
VisualStudioVersion = 15.0.27130.2024
MinimumVisualStudioVersion = 10.0.40219.1
Project("{9A19103F-16F7-4668-BE54-9A1E7A4F7556}") = "BoletoCloud", "BoletoCloud\BoletoCloud.csproj", "{AE08A5C5-180A-4646-82F7-040386202D04}"
EndProject
Global
	GlobalSection(SolutionConfigurationPlatforms) = preSolution
		Debug|Any CPU = Debug|Any CPU
		Release|Any CPU = Release|Any CPU
	EndGlobalSection
	GlobalSection(ProjectConfigurationPlatforms) = postSolution
		{AE08A5C5-180A-4646-82F7-040386202D04}.Debug|Any CPU.ActiveCfg = Debug|Any CPU
		{AE08A5C5-180A-4646-82F7-040386202D04}.Debug|Any CPU.Build.0 = Debug|Any CPU
		{AE08A5C5-180A-4646-82F7-040386202D04}.Release|Any CPU.ActiveCfg = Release|Any CPU
		{AE08A5C5-180A-4646-82F7-040386202D04}.Release|Any CPU.Build.0 = Release|Any CPU
	EndGlobalSection
	GlobalSection(SolutionProperties) = preSolution
		HideSolutionNode = FALSE
	EndGlobalSection
	GlobalSection(ExtensibilityGlobals) = postSolution
		SolutionGuid = {720E548B-A87A-4C54-868E-6D27DF34DB00}
	EndGlobalSection
EndGlobal
